PODS:
  - Alamofire (4.7.0)
  - WKNetwork (0.1.2):
    - Alamofire

DEPENDENCIES:
  - WKNetwork (from `../`)

EXTERNAL SOURCES:
  WKNetwork:
    :path: "../"

SPEC CHECKSUMS:
  Alamofire: 907e0a98eb68cdb7f9d1f541a563d6ac5dc77b25
  WKNetwork: 3743a0adf52aca27f576e31c486591bb06835b98

PODFILE CHECKSUM: abb9640c17e706317df8f160e20985edad739db1

COCOAPODS: 1.2.1
